
Microsoft Visual Studio Solution File, Format Version 12.00
# Visual Studio Version 17
VisualStudioVersion = 17.2.32519.379
MinimumVisualStudioVersion = 10.0.40219.1
Project("{2150E333-8FDC-42A3-9474-1A3956D46DE8}") = "src", "src", "{42D02475-4139-4AE2-8B3B-038710C1DFC9}"
EndProject
Project("{2150E333-8FDC-42A3-9474-1A3956D46DE8}") = "ApiGateways", "ApiGateways", "{511E2340-65E1-4079-B129-3E8817FF9D34}"
EndProject
Project("{2150E333-8FDC-42A3-9474-1A3956D46DE8}") = "Services", "Services", "{62E1C896-5270-4CBA-9E5E-3390D39C5EFC}"
EndProject
Project("{2150E333-8FDC-42A3-9474-1A3956D46DE8}") = "WebApps", "WebApps", "{A6BCB942-B9B8-40A4-AFF6-A5667A9E213E}"
EndProject
Project("{2150E333-8FDC-42A3-9474-1A3956D46DE8}") = "CrossCutting", "CrossCutting", "{08818BF3-A71F-4E16-B206-696204A83301}"
EndProject
Project("{9A19103F-16F7-4668-BE54-9A1E7A4F7556}") = "Andaha.CrossCutting.Application", "src\CrossCutting\Andaha.CrossCutting.Application\Andaha.CrossCutting.Application.csproj", "{12B58FE7-6D64-46FE-8AD2-EE3445A8D2D8}"
EndProject
Project("{2150E333-8FDC-42A3-9474-1A3956D46DE8}") = "Identity", "Identity", "{60940286-DC89-4755-96B6-4419BC3FEEE9}"
EndProject
Project("{9A19103F-16F7-4668-BE54-9A1E7A4F7556}") = "Andaha.Services.Identity", "src\Services\Identity\Andaha.Services.Identity\Andaha.Services.Identity.csproj", "{FBAB0E00-EC1B-40B2-924F-DECBF46145F7}"
EndProject
Project("{2150E333-8FDC-42A3-9474-1A3956D46DE8}") = "Shopping", "Shopping", "{49562A3E-F26B-457A-B242-D2E5CCE99A8B}"
EndProject
Project("{9A19103F-16F7-4668-BE54-9A1E7A4F7556}") = "Andaha.Services.Shopping", "src\Services\Shopping\Andaha.Services.Shopping\Andaha.Services.Shopping.csproj", "{4F572436-3E11-4280-B3C7-08577F6F1A43}"
EndProject
Project("{2150E333-8FDC-42A3-9474-1A3956D46DE8}") = "Ocelot", "Ocelot", "{DBD9F4BC-57F4-441A-8ED8-A2C53E1B1BA2}"
EndProject
Project("{9A19103F-16F7-4668-BE54-9A1E7A4F7556}") = "Andaha.ApiGateways.Ocelot", "src\ApiGateways\Ocelot\Andaha.ApiGateways.Ocelot\Andaha.ApiGateways.Ocelot.csproj", "{EB52B2D2-A07E-43E3-BBC5-67C501D69B6C}"
EndProject
Project("{2150E333-8FDC-42A3-9474-1A3956D46DE8}") = "ServiceStatus", "ServiceStatus", "{F78E5A56-E71A-4C4F-ACED-29ADA23AF40D}"
EndProject
Project("{9A19103F-16F7-4668-BE54-9A1E7A4F7556}") = "Andaha.WebApps.ServiceStatus", "src\WebApps\ServiceStatus\Andaha.WebApps.ServiceStatus\Andaha.WebApps.ServiceStatus.csproj", "{540F6835-35B0-44BC-ACD1-85B10454CA75}"
EndProject
Project("{2150E333-8FDC-42A3-9474-1A3956D46DE8}") = "Collaboration", "Collaboration", "{DC04CE16-B880-4979-BCE8-79BF76B2D976}"
EndProject
Project("{9A19103F-16F7-4668-BE54-9A1E7A4F7556}") = "Andaha.Services.Collaboration", "src\Services\Collaboration\Andaha.Services.Collaboration\Andaha.Services.Collaboration.csproj", "{914569A8-1786-4C83-AE60-AEF8C015FE36}"
EndProject
Project("{E53339B2-1760-4266-BCC7-CA923CBCF16C}") = "docker-compose", "docker-compose.dcproj", "{C4271C4F-9E30-44FA-BE7C-A96C8BDA5AB8}"
EndProject
Project("{2150E333-8FDC-42A3-9474-1A3956D46DE8}") = "BudgetPlan", "BudgetPlan", "{422B7095-B406-4E41-97C1-C24A33ACD73D}"
EndProject
Project("{9A19103F-16F7-4668-BE54-9A1E7A4F7556}") = "Andaha.Services.BudgetPlan", "src\Services\BudgetPlan\Andaha.Services.BudgetPlan\Andaha.Services.BudgetPlan.csproj", "{538D8A03-49E1-4EA4-A6AB-FC1922884648}"
EndProject
Project("{2150E333-8FDC-42A3-9474-1A3956D46DE8}") = "Monolith", "Monolith", "{C60AAC87-E69B-4CB7-96BF-4B2DD67E9745}"
EndProject
Project("{9A19103F-16F7-4668-BE54-9A1E7A4F7556}") = "Andaha.Services.Monolith", "src\Services\Monolith\Andaha.Services.Monolith\Andaha.Services.Monolith.csproj", "{D93FDCBF-AEA7-46A7-8839-5B3D0AA021A7}"
EndProject
Project("{2150E333-8FDC-42A3-9474-1A3956D46DE8}") = "Work", "Work", "{6E8724E4-E319-4960-B344-D37FA0C5FAAE}"
EndProject
Project("{FAE04EC0-301F-11D3-BF4B-00C04F79EFBC}") = "Andaha.Services.Work", "src\Services\Work\Andaha.Services.Work\Andaha.Services.Work.csproj", "{F77F4C45-2226-4248-A1A8-130508660FA2}"
EndProject
Global
	GlobalSection(SolutionConfigurationPlatforms) = preSolution
		Debug|Any CPU = Debug|Any CPU
		Release|Any CPU = Release|Any CPU
	EndGlobalSection
	GlobalSection(ProjectConfigurationPlatforms) = postSolution
		{12B58FE7-6D64-46FE-8AD2-EE3445A8D2D8}.Debug|Any CPU.ActiveCfg = Debug|Any CPU
		{12B58FE7-6D64-46FE-8AD2-EE3445A8D2D8}.Debug|Any CPU.Build.0 = Debug|Any CPU
		{12B58FE7-6D64-46FE-8AD2-EE3445A8D2D8}.Release|Any CPU.ActiveCfg = Release|Any CPU
		{12B58FE7-6D64-46FE-8AD2-EE3445A8D2D8}.Release|Any CPU.Build.0 = Release|Any CPU
		{FBAB0E00-EC1B-40B2-924F-DECBF46145F7}.Debug|Any CPU.ActiveCfg = Debug|Any CPU
		{FBAB0E00-EC1B-40B2-924F-DECBF46145F7}.Debug|Any CPU.Build.0 = Debug|Any CPU
		{FBAB0E00-EC1B-40B2-924F-DECBF46145F7}.Release|Any CPU.ActiveCfg = Release|Any CPU
		{FBAB0E00-EC1B-40B2-924F-DECBF46145F7}.Release|Any CPU.Build.0 = Release|Any CPU
		{4F572436-3E11-4280-B3C7-08577F6F1A43}.Debug|Any CPU.ActiveCfg = Debug|Any CPU
		{4F572436-3E11-4280-B3C7-08577F6F1A43}.Debug|Any CPU.Build.0 = Debug|Any CPU
		{4F572436-3E11-4280-B3C7-08577F6F1A43}.Release|Any CPU.ActiveCfg = Release|Any CPU
		{4F572436-3E11-4280-B3C7-08577F6F1A43}.Release|Any CPU.Build.0 = Release|Any CPU
		{EB52B2D2-A07E-43E3-BBC5-67C501D69B6C}.Debug|Any CPU.ActiveCfg = Debug|Any CPU
		{EB52B2D2-A07E-43E3-BBC5-67C501D69B6C}.Debug|Any CPU.Build.0 = Debug|Any CPU
		{EB52B2D2-A07E-43E3-BBC5-67C501D69B6C}.Release|Any CPU.ActiveCfg = Release|Any CPU
		{EB52B2D2-A07E-43E3-BBC5-67C501D69B6C}.Release|Any CPU.Build.0 = Release|Any CPU
		{540F6835-35B0-44BC-ACD1-85B10454CA75}.Debug|Any CPU.ActiveCfg = Debug|Any CPU
		{540F6835-35B0-44BC-ACD1-85B10454CA75}.Debug|Any CPU.Build.0 = Debug|Any CPU
		{540F6835-35B0-44BC-ACD1-85B10454CA75}.Release|Any CPU.ActiveCfg = Release|Any CPU
		{540F6835-35B0-44BC-ACD1-85B10454CA75}.Release|Any CPU.Build.0 = Release|Any CPU
		{914569A8-1786-4C83-AE60-AEF8C015FE36}.Debug|Any CPU.ActiveCfg = Debug|Any CPU
		{914569A8-1786-4C83-AE60-AEF8C015FE36}.Debug|Any CPU.Build.0 = Debug|Any CPU
		{914569A8-1786-4C83-AE60-AEF8C015FE36}.Release|Any CPU.ActiveCfg = Release|Any CPU
		{914569A8-1786-4C83-AE60-AEF8C015FE36}.Release|Any CPU.Build.0 = Release|Any CPU
		{C4271C4F-9E30-44FA-BE7C-A96C8BDA5AB8}.Debug|Any CPU.ActiveCfg = Debug|Any CPU
		{C4271C4F-9E30-44FA-BE7C-A96C8BDA5AB8}.Debug|Any CPU.Build.0 = Debug|Any CPU
		{C4271C4F-9E30-44FA-BE7C-A96C8BDA5AB8}.Release|Any CPU.ActiveCfg = Release|Any CPU
		{C4271C4F-9E30-44FA-BE7C-A96C8BDA5AB8}.Release|Any CPU.Build.0 = Release|Any CPU
		{538D8A03-49E1-4EA4-A6AB-FC1922884648}.Debug|Any CPU.ActiveCfg = Debug|Any CPU
		{538D8A03-49E1-4EA4-A6AB-FC1922884648}.Debug|Any CPU.Build.0 = Debug|Any CPU
		{538D8A03-49E1-4EA4-A6AB-FC1922884648}.Release|Any CPU.ActiveCfg = Release|Any CPU
		{538D8A03-49E1-4EA4-A6AB-FC1922884648}.Release|Any CPU.Build.0 = Release|Any CPU
		{D93FDCBF-AEA7-46A7-8839-5B3D0AA021A7}.Debug|Any CPU.ActiveCfg = Debug|Any CPU
		{D93FDCBF-AEA7-46A7-8839-5B3D0AA021A7}.Debug|Any CPU.Build.0 = Debug|Any CPU
		{D93FDCBF-AEA7-46A7-8839-5B3D0AA021A7}.Release|Any CPU.ActiveCfg = Release|Any CPU
		{D93FDCBF-AEA7-46A7-8839-5B3D0AA021A7}.Release|Any CPU.Build.0 = Release|Any CPU
		{F77F4C45-2226-4248-A1A8-130508660FA2}.Debug|Any CPU.ActiveCfg = Debug|Any CPU
		{F77F4C45-2226-4248-A1A8-130508660FA2}.Debug|Any CPU.Build.0 = Debug|Any CPU
		{F77F4C45-2226-4248-A1A8-130508660FA2}.Release|Any CPU.ActiveCfg = Release|Any CPU
		{F77F4C45-2226-4248-A1A8-130508660FA2}.Release|Any CPU.Build.0 = Release|Any CPU
	EndGlobalSection
	GlobalSection(SolutionProperties) = preSolution
		HideSolutionNode = FALSE
	EndGlobalSection
	GlobalSection(NestedProjects) = preSolution
		{511E2340-65E1-4079-B129-3E8817FF9D34} = {42D02475-4139-4AE2-8B3B-038710C1DFC9}
		{62E1C896-5270-4CBA-9E5E-3390D39C5EFC} = {42D02475-4139-4AE2-8B3B-038710C1DFC9}
		{A6BCB942-B9B8-40A4-AFF6-A5667A9E213E} = {42D02475-4139-4AE2-8B3B-038710C1DFC9}
		{08818BF3-A71F-4E16-B206-696204A83301} = {42D02475-4139-4AE2-8B3B-038710C1DFC9}
		{12B58FE7-6D64-46FE-8AD2-EE3445A8D2D8} = {08818BF3-A71F-4E16-B206-696204A83301}
		{60940286-DC89-4755-96B6-4419BC3FEEE9} = {62E1C896-5270-4CBA-9E5E-3390D39C5EFC}
		{FBAB0E00-EC1B-40B2-924F-DECBF46145F7} = {60940286-DC89-4755-96B6-4419BC3FEEE9}
		{49562A3E-F26B-457A-B242-D2E5CCE99A8B} = {62E1C896-5270-4CBA-9E5E-3390D39C5EFC}
		{4F572436-3E11-4280-B3C7-08577F6F1A43} = {49562A3E-F26B-457A-B242-D2E5CCE99A8B}
		{DBD9F4BC-57F4-441A-8ED8-A2C53E1B1BA2} = {511E2340-65E1-4079-B129-3E8817FF9D34}
		{EB52B2D2-A07E-43E3-BBC5-67C501D69B6C} = {DBD9F4BC-57F4-441A-8ED8-A2C53E1B1BA2}
		{F78E5A56-E71A-4C4F-ACED-29ADA23AF40D} = {A6BCB942-B9B8-40A4-AFF6-A5667A9E213E}
		{540F6835-35B0-44BC-ACD1-85B10454CA75} = {F78E5A56-E71A-4C4F-ACED-29ADA23AF40D}
		{DC04CE16-B880-4979-BCE8-79BF76B2D976} = {62E1C896-5270-4CBA-9E5E-3390D39C5EFC}
		{914569A8-1786-4C83-AE60-AEF8C015FE36} = {DC04CE16-B880-4979-BCE8-79BF76B2D976}
		{422B7095-B406-4E41-97C1-C24A33ACD73D} = {62E1C896-5270-4CBA-9E5E-3390D39C5EFC}
		{538D8A03-49E1-4EA4-A6AB-FC1922884648} = {422B7095-B406-4E41-97C1-C24A33ACD73D}
		{C60AAC87-E69B-4CB7-96BF-4B2DD67E9745} = {62E1C896-5270-4CBA-9E5E-3390D39C5EFC}
		{D93FDCBF-AEA7-46A7-8839-5B3D0AA021A7} = {C60AAC87-E69B-4CB7-96BF-4B2DD67E9745}
		{6E8724E4-E319-4960-B344-D37FA0C5FAAE} = {62E1C896-5270-4CBA-9E5E-3390D39C5EFC}
		{F77F4C45-2226-4248-A1A8-130508660FA2} = {6E8724E4-E319-4960-B344-D37FA0C5FAAE}
	EndGlobalSection
	GlobalSection(ExtensibilityGlobals) = postSolution
		SolutionGuid = {567A126D-B3A9-4A9F-BD29-25679B16C0C5}
	EndGlobalSection
EndGlobal
